
Microsoft Visual Studio Solution File, Format Version 12.00
# Visual Studio Version 16
VisualStudioVersion = 16.0.31829.152
MinimumVisualStudioVersion = 10.0.40219.1
Project("{9A19103F-16F7-4668-BE54-9A1E7A4F7556}") = "MemberMatch", "MemberMatch.csproj", "{B397054E-2312-4A03-A1FD-AA5FCDABED66}"
EndProject
Project("{9A19103F-16F7-4668-BE54-9A1E7A4F7556}") = "TestMemberMatch", "..\..\tests\TestMemberMatch\TestMemberMatch.csproj", "{4B4A07E5-54BA-4016-9935-6DFCEBEF8756}"
EndProject
Global
	GlobalSection(SolutionConfigurationPlatforms) = preSolution
		Debug|Any CPU = Debug|Any CPU
		Release|Any CPU = Release|Any CPU
	EndGlobalSection
	GlobalSection(ProjectConfigurationPlatforms) = postSolution
		{B397054E-2312-4A03-A1FD-AA5FCDABED66}.Debug|Any CPU.ActiveCfg = Debug|Any CPU
		{B397054E-2312-4A03-A1FD-AA5FCDABED66}.Debug|Any CPU.Build.0 = Debug|Any CPU
		{B397054E-2312-4A03-A1FD-AA5FCDABED66}.Release|Any CPU.ActiveCfg = Release|Any CPU
		{B397054E-2312-4A03-A1FD-AA5FCDABED66}.Release|Any CPU.Build.0 = Release|Any CPU
		{4B4A07E5-54BA-4016-9935-6DFCEBEF8756}.Debug|Any CPU.ActiveCfg = Debug|Any CPU
		{4B4A07E5-54BA-4016-9935-6DFCEBEF8756}.Debug|Any CPU.Build.0 = Debug|Any CPU
		{4B4A07E5-54BA-4016-9935-6DFCEBEF8756}.Release|Any CPU.ActiveCfg = Release|Any CPU
		{4B4A07E5-54BA-4016-9935-6DFCEBEF8756}.Release|Any CPU.Build.0 = Release|Any CPU
	EndGlobalSection
	GlobalSection(SolutionProperties) = preSolution
		HideSolutionNode = FALSE
	EndGlobalSection
	GlobalSection(ExtensibilityGlobals) = postSolution
		SolutionGuid = {13590E0C-520C-40EC-A6FC-60FAC8F0022E}
	EndGlobalSection
EndGlobal
